# THIS IS AN AUTOGENERATED FILE. DO NOT EDIT THIS FILE DIRECTLY.
# yarn lockfile v1


cryptr@^6.2.0:
  version "6.2.0"
  resolved "https://registry.yarnpkg.com/cryptr/-/cryptr-6.2.0.tgz#30dd4754447f9f5d18d5ea8a8dfbae08f00e5cbb"
  integrity sha512-jYi8SxvOFebTT7EYOABiPpHKY6lwWaP9IVcvT/aIVJUVoFdzTgi0ySPCL78q1ig8w2kwfXFCZACXoCXaye57aw==
